
Microsoft Visual Studio Solution File, Format Version 12.00
# Visual Studio Version 17
VisualStudioVersion = 17.4.33403.182
MinimumVisualStudioVersion = 10.0.40219.1
Project("{FAE04EC0-301F-11D3-BF4B-00C04F79EFBC}") = "WalksAPI", "WalksAPI\WalksAPI.csproj", "{F40939E0-B758-4FB6-9B2C-F014B0E82BC3}"
EndProject
Global
	GlobalSection(SolutionConfigurationPlatforms) = preSolution
		Debug|Any CPU = Debug|Any CPU
		Release|Any CPU = Release|Any CPU
	EndGlobalSection
	GlobalSection(ProjectConfigurationPlatforms) = postSolution
		{F40939E0-B758-4FB6-9B2C-F014B0E82BC3}.Debug|Any CPU.ActiveCfg = Debug|Any CPU
		{F40939E0-B758-4FB6-9B2C-F014B0E82BC3}.Debug|Any CPU.Build.0 = Debug|Any CPU
		{F40939E0-B758-4FB6-9B2C-F014B0E82BC3}.Release|Any CPU.ActiveCfg = Release|Any CPU
		{F40939E0-B758-4FB6-9B2C-F014B0E82BC3}.Release|Any CPU.Build.0 = Release|Any CPU
	EndGlobalSection
	GlobalSection(SolutionProperties) = preSolution
		HideSolutionNode = FALSE
	EndGlobalSection
	GlobalSection(ExtensibilityGlobals) = postSolution
		SolutionGuid = {603B1927-1FD6-49BC-8A62-C8DABD8E23CC}
	EndGlobalSection
EndGlobal
